
Microsoft Visual Studio Solution File, Format Version 12.00
# Visual Studio 15
VisualStudioVersion = 15.0.28307.1831
MinimumVisualStudioVersion = 10.0.40219.1
Project("{8BC9CEB8-8B4A-11D0-8D11-00A0C91BC942}") = "01 STL HelloWorld", "01 STL HelloWorld\01 STL HelloWorld.vcxproj", "{0470E505-F474-405B-8D23-0CE4879D9324}"
EndProject
Project("{8BC9CEB8-8B4A-11D0-8D11-00A0C91BC942}") = "02 string容器", "02 string容器\02 string容器.vcxproj", "{0A55422F-065D-482B-957A-DC5AEE948A05}"
EndProject
Project("{8BC9CEB8-8B4A-11D0-8D11-00A0C91BC942}") = "03 vector容器", "03 vector容器\03 vector容器.vcxproj", "{BA55F06B-85FC-4337-8D33-1B778C28A88E}"
EndProject
Project("{8BC9CEB8-8B4A-11D0-8D11-00A0C91BC942}") = "04 deque 打分系统", "04 deque 打分系统\04 deque 打分系统.vcxproj", "{F231AD9D-0023-42F3-8F2A-F25030D3AEE5}"
EndProject
Project("{8BC9CEB8-8B4A-11D0-8D11-00A0C91BC942}") = "05 stack容器", "05 stack容器\05 stack容器.vcxproj", "{1687CAC6-E8FB-4501-9374-E104BEC9757C}"
EndProject
Project("{8BC9CEB8-8B4A-11D0-8D11-00A0C91BC942}") = "06 queue容器", "06 queue容器\06 queue容器.vcxproj", "{A8AC56D5-E04C-4C68-B59F-841E97F8FA36}"
EndProject
Project("{8BC9CEB8-8B4A-11D0-8D11-00A0C91BC942}") = "07 list容器", "07 list容器\07 list容器.vcxproj", "{839D529D-C37E-4C10-85F2-779058EDB22B}"
EndProject
Global
	GlobalSection(SolutionConfigurationPlatforms) = preSolution
		Debug|x64 = Debug|x64
		Debug|x86 = Debug|x86
		Release|x64 = Release|x64
		Release|x86 = Release|x86
	EndGlobalSection
	GlobalSection(ProjectConfigurationPlatforms) = postSolution
		{0470E505-F474-405B-8D23-0CE4879D9324}.Debug|x64.ActiveCfg = Debug|x64
		{0470E505-F474-405B-8D23-0CE4879D9324}.Debug|x64.Build.0 = Debug|x64
		{0470E505-F474-405B-8D23-0CE4879D9324}.Debug|x86.ActiveCfg = Debug|Win32
		{0470E505-F474-405B-8D23-0CE4879D9324}.Debug|x86.Build.0 = Debug|Win32
		{0470E505-F474-405B-8D23-0CE4879D9324}.Release|x64.ActiveCfg = Release|x64
		{0470E505-F474-405B-8D23-0CE4879D9324}.Release|x64.Build.0 = Release|x64
		{0470E505-F474-405B-8D23-0CE4879D9324}.Release|x86.ActiveCfg = Release|Win32
		{0470E505-F474-405B-8D23-0CE4879D9324}.Release|x86.Build.0 = Release|Win32
		{0A55422F-065D-482B-957A-DC5AEE948A05}.Debug|x64.ActiveCfg = Debug|x64
		{0A55422F-065D-482B-957A-DC5AEE948A05}.Debug|x64.Build.0 = Debug|x64
		{0A55422F-065D-482B-957A-DC5AEE948A05}.Debug|x86.ActiveCfg = Debug|Win32
		{0A55422F-065D-482B-957A-DC5AEE948A05}.Debug|x86.Build.0 = Debug|Win32
		{0A55422F-065D-482B-957A-DC5AEE948A05}.Release|x64.ActiveCfg = Release|x64
		{0A55422F-065D-482B-957A-DC5AEE948A05}.Release|x64.Build.0 = Release|x64
		{0A55422F-065D-482B-957A-DC5AEE948A05}.Release|x86.ActiveCfg = Release|Win32
		{0A55422F-065D-482B-957A-DC5AEE948A05}.Release|x86.Build.0 = Release|Win32
		{BA55F06B-85FC-4337-8D33-1B778C28A88E}.Debug|x64.ActiveCfg = Debug|x64
		{BA55F06B-85FC-4337-8D33-1B778C28A88E}.Debug|x64.Build.0 = Debug|x64
		{BA55F06B-85FC-4337-8D33-1B778C28A88E}.Debug|x86.ActiveCfg = Debug|Win32
		{BA55F06B-85FC-4337-8D33-1B778C28A88E}.Debug|x86.Build.0 = Debug|Win32
		{BA55F06B-85FC-4337-8D33-1B778C28A88E}.Release|x64.ActiveCfg = Release|x64
		{BA55F06B-85FC-4337-8D33-1B778C28A88E}.Release|x64.Build.0 = Release|x64
		{BA55F06B-85FC-4337-8D33-1B778C28A88E}.Release|x86.ActiveCfg = Release|Win32
		{BA55F06B-85FC-4337-8D33-1B778C28A88E}.Release|x86.Build.0 = Release|Win32
		{F231AD9D-0023-42F3-8F2A-F25030D3AEE5}.Debug|x64.ActiveCfg = Debug|x64
		{F231AD9D-0023-42F3-8F2A-F25030D3AEE5}.Debug|x64.Build.0 = Debug|x64
		{F231AD9D-0023-42F3-8F2A-F25030D3AEE5}.Debug|x86.ActiveCfg = Debug|Win32
		{F231AD9D-0023-42F3-8F2A-F25030D3AEE5}.Debug|x86.Build.0 = Debug|Win32
		{F231AD9D-0023-42F3-8F2A-F25030D3AEE5}.Release|x64.ActiveCfg = Release|x64
		{F231AD9D-0023-42F3-8F2A-F25030D3AEE5}.Release|x64.Build.0 = Release|x64
		{F231AD9D-0023-42F3-8F2A-F25030D3AEE5}.Release|x86.ActiveCfg = Release|Win32
		{F231AD9D-0023-42F3-8F2A-F25030D3AEE5}.Release|x86.Build.0 = Release|Win32
		{1687CAC6-E8FB-4501-9374-E104BEC9757C}.Debug|x64.ActiveCfg = Debug|x64
		{1687CAC6-E8FB-4501-9374-E104BEC9757C}.Debug|x64.Build.0 = Debug|x64
		{1687CAC6-E8FB-4501-9374-E104BEC9757C}.Debug|x86.ActiveCfg = Debug|Win32
		{1687CAC6-E8FB-4501-9374-E104BEC9757C}.Debug|x86.Build.0 = Debug|Win32
		{1687CAC6-E8FB-4501-9374-E104BEC9757C}.Release|x64.ActiveCfg = Release|x64
		{1687CAC6-E8FB-4501-9374-E104BEC9757C}.Release|x64.Build.0 = Release|x64
		{1687CAC6-E8FB-4501-9374-E104BEC9757C}.Release|x86.ActiveCfg = Release|Win32
		{1687CAC6-E8FB-4501-9374-E104BEC9757C}.Release|x86.Build.0 = Release|Win32
		{A8AC56D5-E04C-4C68-B59F-841E97F8FA36}.Debug|x64.ActiveCfg = Debug|x64
		{A8AC56D5-E04C-4C68-B59F-841E97F8FA36}.Debug|x64.Build.0 = Debug|x64
		{A8AC56D5-E04C-4C68-B59F-841E97F8FA36}.Debug|x86.ActiveCfg = Debug|Win32
		{A8AC56D5-E04C-4C68-B59F-841E97F8FA36}.Debug|x86.Build.0 = Debug|Win32
		{A8AC56D5-E04C-4C68-B59F-841E97F8FA36}.Release|x64.ActiveCfg = Release|x64
		{A8AC56D5-E04C-4C68-B59F-841E97F8FA36}.Release|x64.Build.0 = Release|x64
		{A8AC56D5-E04C-4C68-B59F-841E97F8FA36}.Release|x86.ActiveCfg = Release|Win32
		{A8AC56D5-E04C-4C68-B59F-841E97F8FA36}.Release|x86.Build.0 = Release|Win32
		{839D529D-C37E-4C10-85F2-779058EDB22B}.Debug|x64.ActiveCfg = Debug|x64
		{839D529D-C37E-4C10-85F2-779058EDB22B}.Debug|x64.Build.0 = Debug|x64
		{839D529D-C37E-4C10-85F2-779058EDB22B}.Debug|x86.ActiveCfg = Debug|Win32
		{839D529D-C37E-4C10-85F2-779058EDB22B}.Debug|x86.Build.0 = Debug|Win32
		{839D529D-C37E-4C10-85F2-779058EDB22B}.Release|x64.ActiveCfg = Release|x64
		{839D529D-C37E-4C10-85F2-779058EDB22B}.Release|x64.Build.0 = Release|x64
		{839D529D-C37E-4C10-85F2-779058EDB22B}.Release|x86.ActiveCfg = Release|Win32
		{839D529D-C37E-4C10-85F2-779058EDB22B}.Release|x86.Build.0 = Release|Win32
	EndGlobalSection
	GlobalSection(SolutionProperties) = preSolution
		HideSolutionNode = FALSE
	EndGlobalSection
	GlobalSection(ExtensibilityGlobals) = postSolution
		SolutionGuid = {AC32B367-06F9-4196-AFFA-531D6220B6C7}
	EndGlobalSection
EndGlobal
